
Microsoft Visual Studio Solution File, Format Version 12.00
Project("{FAE04EC0-301F-11D3-BF4B-00C04F79EFBC}") = "DBModel", "DBModel\DBModel.csproj", "{3E77AD01-9918-4469-BED3-D84A348D8C77}"
EndProject
Project("{FAE04EC0-301F-11D3-BF4B-00C04F79EFBC}") = "WebApp", "WebApp\WebApp.csproj", "{98750FC3-C499-4E39-880E-ADCF45B7CECA}"
EndProject
Project("{FAE04EC0-301F-11D3-BF4B-00C04F79EFBC}") = "REST", "REST\REST.csproj", "{1B49EFB0-50B4-4160-822C-A8451C545C64}"
EndProject
Global
	GlobalSection(SolutionConfigurationPlatforms) = preSolution
		Debug|Any CPU = Debug|Any CPU
		Release|Any CPU = Release|Any CPU
	EndGlobalSection
	GlobalSection(ProjectConfigurationPlatforms) = postSolution
		{3E77AD01-9918-4469-BED3-D84A348D8C77}.Debug|Any CPU.ActiveCfg = Debug|Any CPU
		{3E77AD01-9918-4469-BED3-D84A348D8C77}.Debug|Any CPU.Build.0 = Debug|Any CPU
		{3E77AD01-9918-4469-BED3-D84A348D8C77}.Release|Any CPU.ActiveCfg = Release|Any CPU
		{3E77AD01-9918-4469-BED3-D84A348D8C77}.Release|Any CPU.Build.0 = Release|Any CPU
		{98750FC3-C499-4E39-880E-ADCF45B7CECA}.Debug|Any CPU.ActiveCfg = Debug|Any CPU
		{98750FC3-C499-4E39-880E-ADCF45B7CECA}.Debug|Any CPU.Build.0 = Debug|Any CPU
		{98750FC3-C499-4E39-880E-ADCF45B7CECA}.Release|Any CPU.ActiveCfg = Release|Any CPU
		{98750FC3-C499-4E39-880E-ADCF45B7CECA}.Release|Any CPU.Build.0 = Release|Any CPU
		{1B49EFB0-50B4-4160-822C-A8451C545C64}.Debug|Any CPU.ActiveCfg = Debug|Any CPU
		{1B49EFB0-50B4-4160-822C-A8451C545C64}.Debug|Any CPU.Build.0 = Debug|Any CPU
		{1B49EFB0-50B4-4160-822C-A8451C545C64}.Release|Any CPU.ActiveCfg = Release|Any CPU
		{1B49EFB0-50B4-4160-822C-A8451C545C64}.Release|Any CPU.Build.0 = Release|Any CPU
	EndGlobalSection
EndGlobal
